
Microsoft Visual Studio Solution File, Format Version 12.00
# Visual Studio 15
VisualStudioVersion = 15.0.28307.1145
MinimumVisualStudioVersion = 10.0.40219.1
Project("{FAE04EC0-301F-11D3-BF4B-00C04F79EFBC}") = "DAN_XXXIX_Kristina_Garcia_Francisco", "DAN_XXXIX_Kristina_Garcia_Francisco\DAN_XXXIX_Kristina_Garcia_Francisco.csproj", "{F1934287-BB65-4E4C-B753-08C08291475D}"
EndProject
Global
	GlobalSection(SolutionConfigurationPlatforms) = preSolution
		Debug|Any CPU = Debug|Any CPU
		Release|Any CPU = Release|Any CPU
	EndGlobalSection
	GlobalSection(ProjectConfigurationPlatforms) = postSolution
		{F1934287-BB65-4E4C-B753-08C08291475D}.Debug|Any CPU.ActiveCfg = Debug|Any CPU
		{F1934287-BB65-4E4C-B753-08C08291475D}.Debug|Any CPU.Build.0 = Debug|Any CPU
		{F1934287-BB65-4E4C-B753-08C08291475D}.Release|Any CPU.ActiveCfg = Release|Any CPU
		{F1934287-BB65-4E4C-B753-08C08291475D}.Release|Any CPU.Build.0 = Release|Any CPU
	EndGlobalSection
	GlobalSection(SolutionProperties) = preSolution
		HideSolutionNode = FALSE
	EndGlobalSection
	GlobalSection(ExtensibilityGlobals) = postSolution
		SolutionGuid = {989EF549-760C-474E-9A1C-FADD896808ED}
	EndGlobalSection
EndGlobal
